
Microsoft Visual Studio Solution File, Format Version 12.00
# Visual Studio Version 17
VisualStudioVersion = 17.14.36717.8 d17.14
MinimumVisualStudioVersion = 10.0.40219.1
Project("{FAE04EC0-301F-11D3-BF4B-00C04F79EFBC}") = "Tutorial3", "Tutorial3\Tutorial3.csproj", "{0C56A9BC-25AC-469F-BC2A-A5D0E27C8155}"
EndProject
Global
	GlobalSection(SolutionConfigurationPlatforms) = preSolution
		Debug|Any CPU = Debug|Any CPU
		Release|Any CPU = Release|Any CPU
	EndGlobalSection
	GlobalSection(ProjectConfigurationPlatforms) = postSolution
		{0C56A9BC-25AC-469F-BC2A-A5D0E27C8155}.Debug|Any CPU.ActiveCfg = Debug|Any CPU
		{0C56A9BC-25AC-469F-BC2A-A5D0E27C8155}.Debug|Any CPU.Build.0 = Debug|Any CPU
		{0C56A9BC-25AC-469F-BC2A-A5D0E27C8155}.Release|Any CPU.ActiveCfg = Release|Any CPU
		{0C56A9BC-25AC-469F-BC2A-A5D0E27C8155}.Release|Any CPU.Build.0 = Release|Any CPU
	EndGlobalSection
	GlobalSection(SolutionProperties) = preSolution
		HideSolutionNode = FALSE
	EndGlobalSection
	GlobalSection(ExtensibilityGlobals) = postSolution
		SolutionGuid = {32889BB9-1520-480E-9FC4-1AC33AC36BFC}
	EndGlobalSection
EndGlobal
